{
    "_meta": {
        "hash": {
            "sha256": "25ab435d7f321eccb0c04fd91ad1c8938d6d70a86fdaf239eeeac5671ef59580"
        },
        "pipfile-spec": 6,
        "requires": {
            "python_version": "3.7"
        },
        "sources": [
            {
                "name": "pypi",
                "url": "https://pypi.org/simple",
                "verify_ssl": true
            }
        ]
    },
    "default": {
        "hidapi": {
            "hashes": [
                "sha256:03b9118749f6102a96af175b2b77832c0d6f8957acb46ced5aa7afcf358052bc",
                "sha256:3b31b396b6e95b635db4db8e9649cdb0aa2c205dd4cd8aaf3ee9807dddb1ebb8",
                "sha256:448c2ba9f713a5ee754830b222c9bc54a4e0dca4ecd0d84e3bf14314949ec594",
                "sha256:4c712309e2534a249721feb2abe7baedb9bfe7b3cc0e06cf4b78329684480932",
                "sha256:9c4369499a322d91d9f697c6b84b78f78c42695743641cb8bf3b5fa8c3c9b09c",
                "sha256:a71dd3c153cb6bb2b73d2612b5ab262830d78c6428f33f0c06818749e64c9320",
                "sha256:d8dd636b7da9dfeb4aa08da64aceb91fb311465faae347b885cb8b695b141364",
                "sha256:da40dcf99ea15d440f3f3667f4166addd5676c485acf331c6e7c6c7879e11633",
                "sha256:dc633b34e318ce4638b73beb531136ab02ab005bfb383c260a41b5dfd5d85f16"
            ],
            "index": "pypi",
            "version": "==0.9.0.post2"
        },
        "pyserial": {
            "hashes": [
                "sha256:6e2d401fdee0eab996cf734e67773a0143b932772ca8b42451440cfed942c627",
                "sha256:e0770fadba80c31013896c7e6ef703f72e7834965954a78e71a3049488d4d7d8"
            ],
            "index": "pypi",
            "version": "==3.4"
        },
        "readerwriterlock": {
            "hashes": [
                "sha256:3d99b15325874662feae3e8172920f3a951686bdf3a68f074cf4d934d4c7ff5b",
                "sha256:9c9312a0b4cb2dbd6dfddc983b201a8847c194e112364237899414e83ea3c12e"
            ],
            "index": "pypi",
            "version": "==1.0.6"
        },
        "typing-extensions": {
            "hashes": [
                "sha256:6e95524d8a547a91e08f404ae485bbb71962de46967e1b71a0cb89af24e761c5",
                "sha256:79ee589a3caca649a9bfd2a8de4709837400dfa00b6cc81962a1e6a1815969ae",
                "sha256:f8d2bd89d25bc39dabe7d23df520442fa1d8969b82544370e03d88b5a591c392"
            ],
            "version": "==3.7.4.2"
        }
    },
    "develop": {}
}
